
Microsoft Visual Studio Solution File, Format Version 12.00
# Visual Studio Version 17
VisualStudioVersion = 17.0.32014.148
MinimumVisualStudioVersion = 10.0.40219.1
Project("{8BC9CEB8-8B4A-11D0-8D11-00A0C91BC942}") = "TicTacToe (First Attempt)", "TicTacToe (First Attempt).vcxproj", "{4B5D1713-445B-425A-88F5-51B6DDB57F0B}"
EndProject
Global
	GlobalSection(SolutionConfigurationPlatforms) = preSolution
		Debug|x64 = Debug|x64
		Debug|x86 = Debug|x86
		Release|x64 = Release|x64
		Release|x86 = Release|x86
	EndGlobalSection
	GlobalSection(ProjectConfigurationPlatforms) = postSolution
		{4B5D1713-445B-425A-88F5-51B6DDB57F0B}.Debug|x64.ActiveCfg = Debug|x64
		{4B5D1713-445B-425A-88F5-51B6DDB57F0B}.Debug|x64.Build.0 = Debug|x64
		{4B5D1713-445B-425A-88F5-51B6DDB57F0B}.Debug|x86.ActiveCfg = Debug|Win32
		{4B5D1713-445B-425A-88F5-51B6DDB57F0B}.Debug|x86.Build.0 = Debug|Win32
		{4B5D1713-445B-425A-88F5-51B6DDB57F0B}.Release|x64.ActiveCfg = Release|x64
		{4B5D1713-445B-425A-88F5-51B6DDB57F0B}.Release|x64.Build.0 = Release|x64
		{4B5D1713-445B-425A-88F5-51B6DDB57F0B}.Release|x86.ActiveCfg = Release|Win32
		{4B5D1713-445B-425A-88F5-51B6DDB57F0B}.Release|x86.Build.0 = Release|Win32
	EndGlobalSection
	GlobalSection(SolutionProperties) = preSolution
		HideSolutionNode = FALSE
	EndGlobalSection
	GlobalSection(ExtensibilityGlobals) = postSolution
		SolutionGuid = {E0CBE6D4-4F14-4C70-86F9-5E1B841A12DA}
	EndGlobalSection
EndGlobal
